
Microsoft Visual Studio Solution File, Format Version 12.00
# Visual Studio 2013
VisualStudioVersion = 12.0.31101.0
MinimumVisualStudioVersion = 10.0.40219.1
Project("{FAE04EC0-301F-11D3-BF4B-00C04F79EFBC}") = "MonteCristo", "MonteCristo\MonteCristo.csproj", "{C472263E-1CF9-4F42-B589-7E0F26B5EF31}"
EndProject
Project("{FAE04EC0-301F-11D3-BF4B-00C04F79EFBC}") = "PairGenerator", "PairGenerator\PairGenerator.csproj", "{0DE59CD2-6092-4609-B1B6-2D112585B6A9}"
EndProject
Project("{FAE04EC0-301F-11D3-BF4B-00C04F79EFBC}") = "IndexSorter", "IndexSorter\IndexSorter.csproj", "{0D3746E7-E7DD-494B-99B9-7BC2FB4AC1F2}"
EndProject
Project("{FAE04EC0-301F-11D3-BF4B-00C04F79EFBC}") = "IndexMerger", "IndexMerger\IndexMerger.csproj", "{FAF196E6-4BB2-48C5-993F-51BA44747833}"
EndProject
Global
	GlobalSection(SolutionConfigurationPlatforms) = preSolution
		Debug|Any CPU = Debug|Any CPU
		Release|Any CPU = Release|Any CPU
	EndGlobalSection
	GlobalSection(ProjectConfigurationPlatforms) = postSolution
		{C472263E-1CF9-4F42-B589-7E0F26B5EF31}.Debug|Any CPU.ActiveCfg = Debug|Any CPU
		{C472263E-1CF9-4F42-B589-7E0F26B5EF31}.Debug|Any CPU.Build.0 = Debug|Any CPU
		{C472263E-1CF9-4F42-B589-7E0F26B5EF31}.Release|Any CPU.ActiveCfg = Release|Any CPU
		{C472263E-1CF9-4F42-B589-7E0F26B5EF31}.Release|Any CPU.Build.0 = Release|Any CPU
		{0DE59CD2-6092-4609-B1B6-2D112585B6A9}.Debug|Any CPU.ActiveCfg = Debug|Any CPU
		{0DE59CD2-6092-4609-B1B6-2D112585B6A9}.Debug|Any CPU.Build.0 = Debug|Any CPU
		{0DE59CD2-6092-4609-B1B6-2D112585B6A9}.Release|Any CPU.ActiveCfg = Release|Any CPU
		{0DE59CD2-6092-4609-B1B6-2D112585B6A9}.Release|Any CPU.Build.0 = Release|Any CPU
		{0D3746E7-E7DD-494B-99B9-7BC2FB4AC1F2}.Debug|Any CPU.ActiveCfg = Debug|Any CPU
		{0D3746E7-E7DD-494B-99B9-7BC2FB4AC1F2}.Debug|Any CPU.Build.0 = Debug|Any CPU
		{0D3746E7-E7DD-494B-99B9-7BC2FB4AC1F2}.Release|Any CPU.ActiveCfg = Release|Any CPU
		{0D3746E7-E7DD-494B-99B9-7BC2FB4AC1F2}.Release|Any CPU.Build.0 = Release|Any CPU
		{FAF196E6-4BB2-48C5-993F-51BA44747833}.Debug|Any CPU.ActiveCfg = Debug|Any CPU
		{FAF196E6-4BB2-48C5-993F-51BA44747833}.Debug|Any CPU.Build.0 = Debug|Any CPU
		{FAF196E6-4BB2-48C5-993F-51BA44747833}.Release|Any CPU.ActiveCfg = Release|Any CPU
		{FAF196E6-4BB2-48C5-993F-51BA44747833}.Release|Any CPU.Build.0 = Release|Any CPU
	EndGlobalSection
	GlobalSection(SolutionProperties) = preSolution
		HideSolutionNode = FALSE
	EndGlobalSection
EndGlobal
